
Microsoft Visual Studio Solution File, Format Version 12.00
# Visual Studio Version 17
VisualStudioVersion = 17.14.36705.20 d17.14
MinimumVisualStudioVersion = 10.0.40219.1
Project("{FAE04EC0-301F-11D3-BF4B-00C04F79EFBC}") = "SoftIV_CRUD_RegistroAutenticacion", "SoftIV_CRUD_RegistroAutenticacion.csproj", "{6EC4F8DB-2200-4B90-B87F-6ED154333006}"
EndProject
Global
	GlobalSection(SolutionConfigurationPlatforms) = preSolution
		Debug|Any CPU = Debug|Any CPU
		Release|Any CPU = Release|Any CPU
	EndGlobalSection
	GlobalSection(ProjectConfigurationPlatforms) = postSolution
		{6EC4F8DB-2200-4B90-B87F-6ED154333006}.Debug|Any CPU.ActiveCfg = Debug|Any CPU
		{6EC4F8DB-2200-4B90-B87F-6ED154333006}.Debug|Any CPU.Build.0 = Debug|Any CPU
		{6EC4F8DB-2200-4B90-B87F-6ED154333006}.Release|Any CPU.ActiveCfg = Release|Any CPU
		{6EC4F8DB-2200-4B90-B87F-6ED154333006}.Release|Any CPU.Build.0 = Release|Any CPU
	EndGlobalSection
	GlobalSection(SolutionProperties) = preSolution
		HideSolutionNode = FALSE
	EndGlobalSection
	GlobalSection(ExtensibilityGlobals) = postSolution
		SolutionGuid = {C6E3CFA0-9A09-4DDA-B449-F4A8FFBD26F1}
	EndGlobalSection
EndGlobal
